
Microsoft Visual Studio Solution File, Format Version 12.00
# Visual Studio Version 16
VisualStudioVersion = 16.0.31112.23
MinimumVisualStudioVersion = 10.0.40219.1
Project("{9A19103F-16F7-4668-BE54-9A1E7A4F7556}") = "AdvancedDataGridView", "AdvancedDataGridView\AdvancedDataGridView.csproj", "{D6E1BCF3-6A03-471C-A443-98EB758FA90D}"
EndProject
Project("{9A19103F-16F7-4668-BE54-9A1E7A4F7556}") = "AdvancedDataGridViewSample", "AdvancedDataGridViewSample\AdvancedDataGridViewSample.csproj", "{73CBCFF1-9A1B-4D8B-913B-08EBC8A0A982}"
EndProject
Global
	GlobalSection(SolutionConfigurationPlatforms) = preSolution
		Debug|Any CPU = Debug|Any CPU
		Release|Any CPU = Release|Any CPU
	EndGlobalSection
	GlobalSection(ProjectConfigurationPlatforms) = postSolution
		{D6E1BCF3-6A03-471C-A443-98EB758FA90D}.Debug|Any CPU.ActiveCfg = Debug|Any CPU
		{D6E1BCF3-6A03-471C-A443-98EB758FA90D}.Debug|Any CPU.Build.0 = Debug|Any CPU
		{D6E1BCF3-6A03-471C-A443-98EB758FA90D}.Release|Any CPU.ActiveCfg = Release|Any CPU
		{D6E1BCF3-6A03-471C-A443-98EB758FA90D}.Release|Any CPU.Build.0 = Release|Any CPU
		{73CBCFF1-9A1B-4D8B-913B-08EBC8A0A982}.Debug|Any CPU.ActiveCfg = Debug|Any CPU
		{73CBCFF1-9A1B-4D8B-913B-08EBC8A0A982}.Debug|Any CPU.Build.0 = Debug|Any CPU
		{73CBCFF1-9A1B-4D8B-913B-08EBC8A0A982}.Release|Any CPU.ActiveCfg = Release|Any CPU
		{73CBCFF1-9A1B-4D8B-913B-08EBC8A0A982}.Release|Any CPU.Build.0 = Release|Any CPU
	EndGlobalSection
	GlobalSection(SolutionProperties) = preSolution
		HideSolutionNode = FALSE
	EndGlobalSection
	GlobalSection(ExtensibilityGlobals) = postSolution
		SolutionGuid = {9DC4E4FF-E631-4C16-A484-4506D2674D0D}
	EndGlobalSection
EndGlobal
